// !$*UTF8*$!
{
	archiveVersion = 1;
	classes = {
	};
	objectVersion = 50;
	objects = {

/* Begin PBXBuildFile section */
		5E5D8F502277F8CB00A4FB4E /* AppDelegate.swift in Sources */ = {isa = PBXBuildFile; fileRef = 5E5D8F4F2277F8CB00A4FB4E /* AppDelegate.swift */; };
		5E5D8F522277F8CB00A4FB4E /* ViewController.swift in Sources */ = {isa = PBXBuildFile; fileRef = 5E5D8F512277F8CB00A4FB4E /* ViewController.swift */; };
		5E5D8F552277F8CB00A4FB4E /* Main.storyboard in Resources */ = {isa = PBXBuildFile; fileRef = 5E5D8F532277F8CB00A4FB4E /* Main.storyboard */; };
		5E5D8F572277F8CC00A4FB4E /* Assets.xcassets in Resources */ = {isa = PBXBuildFile; fileRef = 5E5D8F562277F8CC00A4FB4E /* Assets.xcassets */; };
		5E5D8F5A2277F8CC00A4FB4E /* LaunchScreen.storyboard in Resources */ = {isa = PBXBuildFile; fileRef = 5E5D8F582277F8CC00A4FB4E /* LaunchScreen.storyboard */; };
		5E5D8F622278280000A4FB4E /* ScrollPageViewController.swift in Sources */ = {isa = PBXBuildFile; fileRef = 5E5D8F612278280000A4FB4E /* ScrollPageViewController.swift */; };
		5E5D8F64227828CC00A4FB4E /* PageCurlViewController.swift in Sources */ = {isa = PBXBuildFile; fileRef = 5E5D8F63227828CC00A4FB4E /* PageCurlViewController.swift */; };
		5E5D8F66227828ED00A4FB4E /* PageCurl2ViewController.swift in Sources */ = {isa = PBXBuildFile; fileRef = 5E5D8F65227828ED00A4FB4E /* PageCurl2ViewController.swift */; };
		5EEEE6C622783DA800949E74 /* ContentViewController.swift in Sources */ = {isa = PBXBuildFile; fileRef = 5EEEE6C522783DA800949E74 /* ContentViewController.swift */; };
/* End PBXBuildFile section */

/* Begin PBXFileReference section */
		5E5D8F4C2277F8CB00A4FB4E /* SYPageViewController.app */ = {isa = PBXFileReference; explicitFileType = wrapper.application; includeInIndex = 0; path = SYPageViewController.app; sourceTree = BUILT_PRODUCTS_DIR; };
		5E5D8F4F2277F8CB00A4FB4E /* AppDelegate.swift */ = {isa = PBXFileReference; lastKnownFileType = sourcecode.swift; path = AppDelegate.swift; sourceTree = "<group>"; };
		5E5D8F512277F8CB00A4FB4E /* ViewController.swift */ = {isa = PBXFileReference; lastKnownFileType = sourcecode.swift; path = ViewController.swift; sourceTree = "<group>"; };
		5E5D8F542277F8CB00A4FB4E /* Base */ = {isa = PBXFileReference; lastKnownFileType = file.storyboard; name = Base; path = Base.lproj/Main.storyboard; sourceTree = "<group>"; };
		5E5D8F562277F8CC00A4FB4E /* Assets.xcassets */ = {isa = PBXFileReference; lastKnownFileType = folder.assetcatalog; path = Assets.xcassets; sourceTree = "<group>"; };
		5E5D8F592277F8CC00A4FB4E /* Base */ = {isa = PBXFileReference; lastKnownFileType = file.storyboard; name = Base; path = Base.lproj/LaunchScreen.storyboard; sourceTree = "<group>"; };
		5E5D8F5B2277F8CC00A4FB4E /* Info.plist */ = {isa = PBXFileReference; lastKnownFileType = text.plist.xml; path = Info.plist; sourceTree = "<group>"; };
		5E5D8F612278280000A4FB4E /* ScrollPageViewController.swift */ = {isa = PBXFileReference; lastKnownFileType = sourcecode.swift; path = ScrollPageViewController.swift; sourceTree = "<group>"; };
		5E5D8F63227828CC00A4FB4E /* PageCurlViewController.swift */ = {isa = PBXFileReference; lastKnownFileType = sourcecode.swift; path = PageCurlViewController.swift; sourceTree = "<group>"; };
		5E5D8F65227828ED00A4FB4E /* PageCurl2ViewController.swift */ = {isa = PBXFileReference; lastKnownFileType = sourcecode.swift; path = PageCurl2ViewController.swift; sourceTree = "<group>"; };
		5EEEE6C522783DA800949E74 /* ContentViewController.swift */ = {isa = PBXFileReference; lastKnownFileType = sourcecode.swift; path = ContentViewController.swift; sourceTree = "<group>"; };
/* End PBXFileReference section */

/* Begin PBXFrameworksBuildPhase section */
		5E5D8F492277F8CB00A4FB4E /* Frameworks */ = {
			isa = PBXFrameworksBuildPhase;
			buildActionMask = 2147483647;
			files = (
			);
			runOnlyForDeploymentPostprocessing = 0;
		};
/* End PBXFrameworksBuildPhase section */

/* Begin PBXGroup section */
		5E5D8F432277F8CB00A4FB4E = {
			isa = PBXGroup;
			children = (
				5E5D8F4E2277F8CB00A4FB4E /* SYPageViewController */,
				5E5D8F4D2277F8CB00A4FB4E /* Products */,
			);
			sourceTree = "<group>";
		};
		5E5D8F4D2277F8CB00A4FB4E /* Products */ = {
			isa = PBXGroup;
			children = (
				5E5D8F4C2277F8CB00A4FB4E /* SYPageViewController.app */,
			);
			name = Products;
			sourceTree = "<group>";
		};
		5E5D8F4E2277F8CB00A4FB4E /* SYPageViewController */ = {
			isa = PBXGroup;
			children = (
				5E5D8F4F2277F8CB00A4FB4E /* AppDelegate.swift */,
				5E5D8F512277F8CB00A4FB4E /* ViewController.swift */,
				5E5D8F612278280000A4FB4E /* ScrollPageViewController.swift */,
				5E5D8F63227828CC00A4FB4E /* PageCurlViewController.swift */,
				5E5D8F65227828ED00A4FB4E /* PageCurl2ViewController.swift */,
				5EEEE6C522783DA800949E74 /* ContentViewController.swift */,
				5E5D8F532277F8CB00A4FB4E /* Main.storyboard */,
				5E5D8F562277F8CC00A4FB4E /* Assets.xcassets */,
				5E5D8F582277F8CC00A4FB4E /* LaunchScreen.storyboard */,
				5E5D8F5B2277F8CC00A4FB4E /* Info.plist */,
			);
			path = SYPageViewController;
			sourceTree = "<group>";
		};
/* End PBXGroup section */

/* Begin PBXNativeTarget section */
		5E5D8F4B2277F8CB00A4FB4E /* SYPageViewController */ = {
			isa = PBXNativeTarget;
			buildConfigurationList = 5E5D8F5E2277F8CC00A4FB4E /* Build configuration list for PBXNativeTarget "SYPageViewController" */;
			buildPhases = (
				5E5D8F482277F8CB00A4FB4E /* Sources */,
				5E5D8F492277F8CB00A4FB4E /* Frameworks */,
				5E5D8F4A2277F8CB00A4FB4E /* Resources */,
			);
			buildRules = (
			);
			dependencies = (
			);
			name = SYPageViewController;
			productName = SYPageViewController;
			productReference = 5E5D8F4C2277F8CB00A4FB4E /* SYPageViewController.app */;
			productType = "com.apple.product-type.application";
		};
/* End PBXNativeTarget section */

/* Begin PBXProject section */
		5E5D8F442277F8CB00A4FB4E /* Project object */ = {
			isa = PBXProject;
			attributes = {
				LastSwiftUpdateCheck = 1020;
				LastUpgradeCheck = 1020;
				ORGANIZATIONNAME = cishing;
				TargetAttributes = {
					5E5D8F4B2277F8CB00A4FB4E = {
						CreatedOnToolsVersion = 10.2.1;
					};
				};
			};
			buildConfigurationList = 5E5D8F472277F8CB00A4FB4E /* Build configuration list for PBXProject "SYPageViewController" */;
			compatibilityVersion = "Xcode 9.3";
			developmentRegion = en;
			hasScannedForEncodings = 0;
			knownRegions = (
				en,
				Base,
			);
			mainGroup = 5E5D8F432277F8CB00A4FB4E;
			productRefGroup = 5E5D8F4D2277F8CB00A4FB4E /* Products */;
			projectDirPath = "";
			projectRoot = "";
			targets = (
				5E5D8F4B2277F8CB00A4FB4E /* SYPageViewController */,
			);
		};
/* End PBXProject section */

/* Begin PBXResourcesBuildPhase section */
		5E5D8F4A2277F8CB00A4FB4E /* Resources */ = {
			isa = PBXResourcesBuildPhase;
			buildActionMask = 2147483647;
			files = (
				5E5D8F5A2277F8CC00A4FB4E /* LaunchScreen.storyboard in Resources */,
				5E5D8F572277F8CC00A4FB4E /* Assets.xcassets in Resources */,
				5E5D8F552277F8CB00A4FB4E /* Main.storyboard in Resources */,
			);
			runOnlyForDeploymentPostprocessing = 0;
		};
/* End PBXResourcesBuildPhase section */

/* Begin PBXSourcesBuildPhase section */
		5E5D8F482277F8CB00A4FB4E /* Sources */ = {
			isa = PBXSourcesBuildPhase;
			buildActionMask = 2147483647;
			files = (
				5E5D8F522277F8CB00A4FB4E /* ViewController.swift in Sources */,
				5E5D8F64227828CC00A4FB4E /* PageCurlViewController.swift in Sources */,
				5E5D8F66227828ED00A4FB4E /* PageCurl2ViewController.swift in Sources */,
				5E5D8F502277F8CB00A4FB4E /* AppDelegate.swift in Sources */,
				5EEEE6C622783DA800949E74 /* ContentViewController.swift in Sources */,
				5E5D8F622278280000A4FB4E /* ScrollPageViewController.swift in Sources */,
			);
			runOnlyForDeploymentPostprocessing = 0;
		};
/* End PBXSourcesBuildPhase section */

/* Begin PBXVariantGroup section */
		5E5D8F532277F8CB00A4FB4E /* Main.storyboard */ = {
			isa = PBXVariantGroup;
			children = (
				5E5D8F542277F8CB00A4FB4E /* Base */,
			);
			name = Main.storyboard;
			sourceTree = "<group>";
		};
		5E5D8F582277F8CC00A4FB4E /* LaunchScreen.storyboard */ = {
			isa = PBXVariantGroup;
			children = (
				5E5D8F592277F8CC00A4FB4E /* Base */,
			);
			name = LaunchScreen.storyboard;
			sourceTree = "<group>";
		};
/* End PBXVariantGroup section */

/* Begin XCBuildConfiguration section */
		5E5D8F5C2277F8CC00A4FB4E /* Debug */ = {
			isa = XCBuildConfiguration;
			buildSettings = {
				ALWAYS_SEARCH_USER_PATHS = NO;
				CLANG_ANALYZER_NONNULL = YES;
				CLANG_ANALYZER_NUMBER_OBJECT_CONVERSION = YES_AGGRESSIVE;
				CLANG_CXX_LANGUAGE_STANDARD = "gnu++14";
				CLANG_CXX_LIBRARY = "libc++";
				CLANG_ENABLE_MODULES = YES;
				CLANG_ENABLE_OBJC_ARC = YES;
				CLANG_ENABLE_OBJC_WEAK = YES;
				CLANG_WARN_BLOCK_CAPTURE_AUTORELEASING = YES;
				CLANG_WARN_BOOL_CONVERSION = YES;
				CLANG_WARN_COMMA = YES;
				CLANG_WARN_CONSTANT_CONVERSION = YES;
				CLANG_WARN_DEPRECATED_OBJC_IMPLEMENTATIONS = YES;
				CLANG_WARN_DIRECT_OBJC_ISA_USAGE = YES_ERROR;
				CLANG_WARN_DOCUMENTATION_COMMENTS = YES;
				CLANG_WARN_EMPTY_BODY = YES;
				CLANG_WARN_ENUM_CONVERSION = YES;
				CLANG_WARN_INFINITE_RECURSION = YES;
				CLANG_WARN_INT_CONVERSION = YES;
				CLANG_WARN_NON_LITERAL_NULL_CONVERSION = YES;
				CLANG_WARN_OBJC_IMPLICIT_RETAIN_SELF = YES;
				CLANG_WARN_OBJC_LITERAL_CONVERSION = YES;
				CLANG_WARN_OBJC_ROOT_CLASS = YES_ERROR;
				CLANG_WARN_RANGE_LOOP_ANALYSIS = YES;
				CLANG_WARN_STRICT_PROTOTYPES = YES;
				CLANG_WARN_SUSPICIOUS_MOVE = YES;
				CLANG_WARN_UNGUARDED_AVAILABILITY = YES_AGGRESSIVE;
				CLANG_WARN_UNREACHABLE_CODE = YES;
				CLANG_WARN__DUPLICATE_METHOD_MATCH = YES;
				CODE_SIGN_IDENTITY = "iPhone Developer";
				COPY_PHASE_STRIP = NO;
				DEBUG_INFORMATION_FORMAT = dwarf;
				ENABLE_STRICT_OBJC_MSGSEND = YES;
				ENABLE_TESTABILITY = YES;
				GCC_C_LANGUAGE_STANDARD = gnu11;
				GCC_DYNAMIC_NO_PIC = NO;
				GCC_NO_COMMON_BLOCKS = YES;
				GCC_OPTIMIZATION_LEVEL = 0;
				GCC_PREPROCESSOR_DEFINITIONS = (
					"DEBUG=1",
					"$(inherited)",
				);
				GCC_WARN_64_TO_32_BIT_CONVERSION = YES;
				GCC_WARN_ABOUT_RETURN_TYPE = YES_ERROR;
				GCC_WARN_UNDECLARED_SELECTOR = YES;
				GCC_WARN_UNINITIALIZED_AUTOS = YES_AGGRESSIVE;
				GCC_WARN_UNUSED_FUNCTION = YES;
				GCC_WARN_UNUSED_VARIABLE = YES;
				IPHONEOS_DEPLOYMENT_TARGET = 12.2;
				MTL_ENABLE_DEBUG_INFO = INCLUDE_SOURCE;
				MTL_FAST_MATH = YES;
				ONLY_ACTIVE_ARCH = YES;
				SDKROOT = iphoneos;
				SWIFT_ACTIVE_COMPILATION_CONDITIONS = DEBUG;
				SWIFT_OPTIMIZATION_LEVEL = "-Onone";
			};
			name = Debug;
		};
		5E5D8F5D2277F8CC00A4FB4E /* Release */ = {
			isa = XCBuildConfiguration;
			buildSettings = {
				ALWAYS_SEARCH_USER_PATHS = NO;
				CLANG_ANALYZER_NONNULL = YES;
				CLANG_ANALYZER_NUMBER_OBJECT_CONVERSION = YES_AGGRESSIVE;
				CLANG_CXX_LANGUAGE_STANDARD = "gnu++14";
				CLANG_CXX_LIBRARY = "libc++";
				CLANG_ENABLE_MODULES = YES;
				CLANG_ENABLE_OBJC_ARC = YES;
				CLANG_ENABLE_OBJC_WEAK = YES;
				CLANG_WARN_BLOCK_CAPTURE_AUTORELEASING = YES;
				CLANG_WARN_BOOL_CONVERSION = YES;
				CLANG_WARN_COMMA = YES;
				CLANG_WARN_CONSTANT_CONVERSION = YES;
				CLANG_WARN_DEPRECATED_OBJC_IMPLEMENTATIONS = YES;
				CLANG_WARN_DIRECT_OBJC_ISA_USAGE = YES_ERROR;
				CLANG_WARN_DOCUMENTATION_COMMENTS = YES;
				CLANG_WARN_EMPTY_BODY = YES;
				CLANG_WARN_ENUM_CONVERSION = YES;
				CLANG_WARN_INFINITE_RECURSION = YES;
				CLANG_WARN_INT_CONVERSION = YES;
				CLANG_WARN_NON_LITERAL_NULL_CONVERSION = YES;
				CLANG_WARN_OBJC_IMPLICIT_RETAIN_SELF = YES;
				CLANG_WARN_OBJC_LITERAL_CONVERSION = YES;
				CLANG_WARN_OBJC_ROOT_CLASS = YES_ERROR;
				CLANG_WARN_RANGE_LOOP_ANALYSIS = YES;
				CLANG_WARN_STRICT_PROTOTYPES = YES;
				CLANG_WARN_SUSPICIOUS_MOVE = YES;
				CLANG_WARN_UNGUARDED_AVAILABILITY = YES_AGGRESSIVE;
				CLANG_WARN_UNREACHABLE_CODE = YES;
				CLANG_WARN__DUPLICATE_METHOD_MATCH = YES;
				CODE_SIGN_IDENTITY = "iPhone Developer";
				COPY_PHASE_STRIP = NO;
				DEBUG_INFORMATION_FORMAT = "dwarf-with-dsym";
				ENABLE_NS_ASSERTIONS = NO;
				ENABLE_STRICT_OBJC_MSGSEND = YES;
				GCC_C_LANGUAGE_STANDARD = gnu11;
				GCC_NO_COMMON_BLOCKS = YES;
				GCC_WARN_64_TO_32_BIT_CONVERSION = YES;
				GCC_WARN_ABOUT_RETURN_TYPE = YES_ERROR;
				GCC_WARN_UNDECLARED_SELECTOR = YES;
				GCC_WARN_UNINITIALIZED_AUTOS = YES_AGGRESSIVE;
				GCC_WARN_UNUSED_FUNCTION = YES;
				GCC_WARN_UNUSED_VARIABLE = YES;
				IPHONEOS_DEPLOYMENT_TARGET = 12.2;
				MTL_ENABLE_DEBUG_INFO = NO;
				MTL_FAST_MATH = YES;
				SDKROOT = iphoneos;
				SWIFT_COMPILATION_MODE = wholemodule;
				SWIFT_OPTIMIZATION_LEVEL = "-O";
				VALIDATE_PRODUCT = YES;
			};
			name = Release;
		};
		5E5D8F5F2277F8CC00A4FB4E /* Debug */ = {
			isa = XCBuildConfiguration;
			buildSettings = {
				ASSETCATALOG_COMPILER_APPICON_NAME = AppIcon;
				CODE_SIGN_STYLE = Automatic;
				INFOPLIST_FILE = SYPageViewController/Info.plist;
				LD_RUNPATH_SEARCH_PATHS = (
					"$(inherited)",
					"@executable_path/Frameworks",
				);
				PRODUCT_BUNDLE_IDENTIFIER = com.cishing.SYPageViewController;
				PRODUCT_NAME = "$(TARGET_NAME)";
				SWIFT_VERSION = 5.0;
				TARGETED_DEVICE_FAMILY = "1,2";
			};
			name = Debug;
		};
		5E5D8F602277F8CC00A4FB4E /* Release */ = {
			isa = XCBuildConfiguration;
			buildSettings = {
				ASSETCATALOG_COMPILER_APPICON_NAME = AppIcon;
				CODE_SIGN_STYLE = Automatic;
				INFOPLIST_FILE = SYPageViewController/Info.plist;
				LD_RUNPATH_SEARCH_PATHS = (
					"$(inherited)",
					"@executable_path/Frameworks",
				);
				PRODUCT_BUNDLE_IDENTIFIER = com.cishing.SYPageViewController;
				PRODUCT_NAME = "$(TARGET_NAME)";
				SWIFT_VERSION = 5.0;
				TARGETED_DEVICE_FAMILY = "1,2";
			};
			name = Release;
		};
/* End XCBuildConfiguration section */

/* Begin XCConfigurationList section */
		5E5D8F472277F8CB00A4FB4E /* Build configuration list for PBXProject "SYPageViewController" */ = {
			isa = XCConfigurationList;
			buildConfigurations = (
				5E5D8F5C2277F8CC00A4FB4E /* Debug */,
				5E5D8F5D2277F8CC00A4FB4E /* Release */,
			);
			defaultConfigurationIsVisible = 0;
			defaultConfigurationName = Release;
		};
		5E5D8F5E2277F8CC00A4FB4E /* Build configuration list for PBXNativeTarget "SYPageViewController" */ = {
			isa = XCConfigurationList;
			buildConfigurations = (
				5E5D8F5F2277F8CC00A4FB4E /* Debug */,
				5E5D8F602277F8CC00A4FB4E /* Release */,
			);
			defaultConfigurationIsVisible = 0;
			defaultConfigurationName = Release;
		};
/* End XCConfigurationList section */
	};
	rootObject = 5E5D8F442277F8CB00A4FB4E /* Project object */;
}
